// !$*UTF8*$!
{
	archiveVersion = 1;
	classes = {
	};
	objectVersion = 46;
	objects = {

/* Begin PBXBuildFile section */
		8796E40819605F8800A77336 /* AppDelegate.swift in Sources */ = {isa = PBXBuildFile; fileRef = 8796E40719605F8800A77336 /* AppDelegate.swift */; };
		8796E40A19605F8800A77336 /* ViewController.swift in Sources */ = {isa = PBXBuildFile; fileRef = 8796E40919605F8800A77336 /* ViewController.swift */; };
		8796E40D19605F8800A77336 /* Main.storyboard in Resources */ = {isa = PBXBuildFile; fileRef = 8796E40B19605F8800A77336 /* Main.storyboard */; };
		8796E40F19605F8800A77336 /* Images.xcassets in Resources */ = {isa = PBXBuildFile; fileRef = 8796E40E19605F8800A77336 /* Images.xcassets */; };
		8796E41B19605F8800A77336 /* ultracalcTests.swift in Sources */ = {isa = PBXBuildFile; fileRef = 8796E41A19605F8800A77336 /* ultracalcTests.swift */; };
/* End PBXBuildFile section */

/* Begin PBXContainerItemProxy section */
		8796E41519605F8800A77336 /* PBXContainerItemProxy */ = {
			isa = PBXContainerItemProxy;
			containerPortal = 8796E3FA19605F8800A77336 /* Project object */;
			proxyType = 1;
			remoteGlobalIDString = 8796E40119605F8800A77336;
			remoteInfo = ultracalc;
		};
/* End PBXContainerItemProxy section */

/* Begin PBXFileReference section */
		8796E40219605F8800A77336 /* ultracalc.app */ = {isa = PBXFileReference; explicitFileType = wrapper.application; includeInIndex = 0; path = ultracalc.app; sourceTree = BUILT_PRODUCTS_DIR; };
		8796E40619605F8800A77336 /* Info.plist */ = {isa = PBXFileReference; lastKnownFileType = text.plist.xml; path = Info.plist; sourceTree = "<group>"; };
		8796E40719605F8800A77336 /* AppDelegate.swift */ = {isa = PBXFileReference; lastKnownFileType = sourcecode.swift; path = AppDelegate.swift; sourceTree = "<group>"; };
		8796E40919605F8800A77336 /* ViewController.swift */ = {isa = PBXFileReference; lastKnownFileType = sourcecode.swift; path = ViewController.swift; sourceTree = "<group>"; };
		8796E40C19605F8800A77336 /* Base */ = {isa = PBXFileReference; lastKnownFileType = file.storyboard; name = Base; path = Base.lproj/Main.storyboard; sourceTree = "<group>"; };
		8796E40E19605F8800A77336 /* Images.xcassets */ = {isa = PBXFileReference; lastKnownFileType = folder.assetcatalog; path = Images.xcassets; sourceTree = "<group>"; };
		8796E41419605F8800A77336 /* ultracalcTests.xctest */ = {isa = PBXFileReference; explicitFileType = wrapper.cfbundle; includeInIndex = 0; path = ultracalcTests.xctest; sourceTree = BUILT_PRODUCTS_DIR; };
		8796E41919605F8800A77336 /* Info.plist */ = {isa = PBXFileReference; lastKnownFileType = text.plist.xml; path = Info.plist; sourceTree = "<group>"; };
		8796E41A19605F8800A77336 /* ultracalcTests.swift */ = {isa = PBXFileReference; lastKnownFileType = sourcecode.swift; path = ultracalcTests.swift; sourceTree = "<group>"; };
/* End PBXFileReference section */

/* Begin PBXFrameworksBuildPhase section */
		8796E3FF19605F8800A77336 /* Frameworks */ = {
			isa = PBXFrameworksBuildPhase;
			buildActionMask = 2147483647;
			files = (
			);
			runOnlyForDeploymentPostprocessing = 0;
		};
		8796E41119605F8800A77336 /* Frameworks */ = {
			isa = PBXFrameworksBuildPhase;
			buildActionMask = 2147483647;
			files = (
			);
			runOnlyForDeploymentPostprocessing = 0;
		};
/* End PBXFrameworksBuildPhase section */

/* Begin PBXGroup section */
		8796E3F919605F8800A77336 = {
			isa = PBXGroup;
			children = (
				8796E40419605F8800A77336 /* ultracalc */,
				8796E41719605F8800A77336 /* ultracalcTests */,
				8796E40319605F8800A77336 /* Products */,
			);
			sourceTree = "<group>";
		};
		8796E40319605F8800A77336 /* Products */ = {
			isa = PBXGroup;
			children = (
				8796E40219605F8800A77336 /* ultracalc.app */,
				8796E41419605F8800A77336 /* ultracalcTests.xctest */,
			);
			name = Products;
			sourceTree = "<group>";
		};
		8796E40419605F8800A77336 /* ultracalc */ = {
			isa = PBXGroup;
			children = (
				8796E40719605F8800A77336 /* AppDelegate.swift */,
				8796E40919605F8800A77336 /* ViewController.swift */,
				8796E40B19605F8800A77336 /* Main.storyboard */,
				8796E40E19605F8800A77336 /* Images.xcassets */,
				8796E40519605F8800A77336 /* Supporting Files */,
			);
			path = ultracalc;
			sourceTree = "<group>";
		};
		8796E40519605F8800A77336 /* Supporting Files */ = {
			isa = PBXGroup;
			children = (
				8796E40619605F8800A77336 /* Info.plist */,
			);
			name = "Supporting Files";
			sourceTree = "<group>";
		};
		8796E41719605F8800A77336 /* ultracalcTests */ = {
			isa = PBXGroup;
			children = (
				8796E41A19605F8800A77336 /* ultracalcTests.swift */,
				8796E41819605F8800A77336 /* Supporting Files */,
			);
			path = ultracalcTests;
			sourceTree = "<group>";
		};
		8796E41819605F8800A77336 /* Supporting Files */ = {
			isa = PBXGroup;
			children = (
				8796E41919605F8800A77336 /* Info.plist */,
			);
			name = "Supporting Files";
			sourceTree = "<group>";
		};
/* End PBXGroup section */

/* Begin PBXNativeTarget section */
		8796E40119605F8800A77336 /* ultracalc */ = {
			isa = PBXNativeTarget;
			buildConfigurationList = 8796E41E19605F8800A77336 /* Build configuration list for PBXNativeTarget "ultracalc" */;
			buildPhases = (
				8796E3FE19605F8800A77336 /* Sources */,
				8796E3FF19605F8800A77336 /* Frameworks */,
				8796E40019605F8800A77336 /* Resources */,
			);
			buildRules = (
			);
			dependencies = (
			);
			name = ultracalc;
			productName = ultracalc;
			productReference = 8796E40219605F8800A77336 /* ultracalc.app */;
			productType = "com.apple.product-type.application";
		};
		8796E41319605F8800A77336 /* ultracalcTests */ = {
			isa = PBXNativeTarget;
			buildConfigurationList = 8796E42119605F8800A77336 /* Build configuration list for PBXNativeTarget "ultracalcTests" */;
			buildPhases = (
				8796E41019605F8800A77336 /* Sources */,
				8796E41119605F8800A77336 /* Frameworks */,
				8796E41219605F8800A77336 /* Resources */,
			);
			buildRules = (
			);
			dependencies = (
				8796E41619605F8800A77336 /* PBXTargetDependency */,
			);
			name = ultracalcTests;
			productName = ultracalcTests;
			productReference = 8796E41419605F8800A77336 /* ultracalcTests.xctest */;
			productType = "com.apple.product-type.bundle.unit-test";
		};
/* End PBXNativeTarget section */

/* Begin PBXProject section */
		8796E3FA19605F8800A77336 /* Project object */ = {
			isa = PBXProject;
			attributes = {
				LastUpgradeCheck = 0600;
				ORGANIZATIONNAME = "Cor Pruijs";
				TargetAttributes = {
					8796E40119605F8800A77336 = {
						CreatedOnToolsVersion = 6.0;
						DevelopmentTeam = BSN9DSQ2C4;
					};
					8796E41319605F8800A77336 = {
						CreatedOnToolsVersion = 6.0;
						TestTargetID = 8796E40119605F8800A77336;
					};
				};
			};
			buildConfigurationList = 8796E3FD19605F8800A77336 /* Build configuration list for PBXProject "ultracalc" */;
			compatibilityVersion = "Xcode 3.2";
			developmentRegion = English;
			hasScannedForEncodings = 0;
			knownRegions = (
				en,
				Base,
			);
			mainGroup = 8796E3F919605F8800A77336;
			productRefGroup = 8796E40319605F8800A77336 /* Products */;
			projectDirPath = "";
			projectRoot = "";
			targets = (
				8796E40119605F8800A77336 /* ultracalc */,
				8796E41319605F8800A77336 /* ultracalcTests */,
			);
		};
/* End PBXProject section */

/* Begin PBXResourcesBuildPhase section */
		8796E40019605F8800A77336 /* Resources */ = {
			isa = PBXResourcesBuildPhase;
			buildActionMask = 2147483647;
			files = (
				8796E40D19605F8800A77336 /* Main.storyboard in Resources */,
				8796E40F19605F8800A77336 /* Images.xcassets in Resources */,
			);
			runOnlyForDeploymentPostprocessing = 0;
		};
		8796E41219605F8800A77336 /* Resources */ = {
			isa = PBXResourcesBuildPhase;
			buildActionMask = 2147483647;
			files = (
			);
			runOnlyForDeploymentPostprocessing = 0;
		};
/* End PBXResourcesBuildPhase section */

/* Begin PBXSourcesBuildPhase section */
		8796E3FE19605F8800A77336 /* Sources */ = {
			isa = PBXSourcesBuildPhase;
			buildActionMask = 2147483647;
			files = (
				8796E40A19605F8800A77336 /* ViewController.swift in Sources */,
				8796E40819605F8800A77336 /* AppDelegate.swift in Sources */,
			);
			runOnlyForDeploymentPostprocessing = 0;
		};
		8796E41019605F8800A77336 /* Sources */ = {
			isa = PBXSourcesBuildPhase;
			buildActionMask = 2147483647;
			files = (
				8796E41B19605F8800A77336 /* ultracalcTests.swift in Sources */,
			);
			runOnlyForDeploymentPostprocessing = 0;
		};
/* End PBXSourcesBuildPhase section */

/* Begin PBXTargetDependency section */
		8796E41619605F8800A77336 /* PBXTargetDependency */ = {
			isa = PBXTargetDependency;
			target = 8796E40119605F8800A77336 /* ultracalc */;
			targetProxy = 8796E41519605F8800A77336 /* PBXContainerItemProxy */;
		};
/* End PBXTargetDependency section */

/* Begin PBXVariantGroup section */
		8796E40B19605F8800A77336 /* Main.storyboard */ = {
			isa = PBXVariantGroup;
			children = (
				8796E40C19605F8800A77336 /* Base */,
			);
			name = Main.storyboard;
			sourceTree = "<group>";
		};
/* End PBXVariantGroup section */

/* Begin XCBuildConfiguration section */
		8796E41C19605F8800A77336 /* Debug */ = {
			isa = XCBuildConfiguration;
			buildSettings = {
				ALWAYS_SEARCH_USER_PATHS = NO;
				CLANG_CXX_LANGUAGE_STANDARD = "gnu++0x";
				CLANG_CXX_LIBRARY = "libc++";
				CLANG_ENABLE_MODULES = YES;
				CLANG_ENABLE_OBJC_ARC = YES;
				CLANG_WARN_BOOL_CONVERSION = YES;
				CLANG_WARN_CONSTANT_CONVERSION = YES;
				CLANG_WARN_DIRECT_OBJC_ISA_USAGE = YES_ERROR;
				CLANG_WARN_EMPTY_BODY = YES;
				CLANG_WARN_ENUM_CONVERSION = YES;
				CLANG_WARN_INT_CONVERSION = YES;
				CLANG_WARN_OBJC_ROOT_CLASS = YES_ERROR;
				CLANG_WARN_UNREACHABLE_CODE = YES;
				CLANG_WARN__DUPLICATE_METHOD_MATCH = YES;
				"CODE_SIGN_IDENTITY[sdk=iphoneos*]" = "iPhone Developer";
				COPY_PHASE_STRIP = NO;
				ENABLE_STRICT_OBJC_MSGSEND = YES;
				GCC_C_LANGUAGE_STANDARD = gnu99;
				GCC_DYNAMIC_NO_PIC = NO;
				GCC_OPTIMIZATION_LEVEL = 0;
				GCC_PREPROCESSOR_DEFINITIONS = (
					"DEBUG=1",
					"$(inherited)",
				);
				GCC_SYMBOLS_PRIVATE_EXTERN = NO;
				GCC_WARN_64_TO_32_BIT_CONVERSION = YES;
				GCC_WARN_ABOUT_RETURN_TYPE = YES_ERROR;
				GCC_WARN_UNDECLARED_SELECTOR = YES;
				GCC_WARN_UNINITIALIZED_AUTOS = YES_AGGRESSIVE;
				GCC_WARN_UNUSED_FUNCTION = YES;
				GCC_WARN_UNUSED_VARIABLE = YES;
				IPHONEOS_DEPLOYMENT_TARGET = 8.0;
				METAL_ENABLE_DEBUG_INFO = YES;
				ONLY_ACTIVE_ARCH = YES;
				SDKROOT = iphoneos;
				SWIFT_OPTIMIZATION_LEVEL = "-Onone";
			};
			name = Debug;
		};
		8796E41D19605F8800A77336 /* Release */ = {
			isa = XCBuildConfiguration;
			buildSettings = {
				ALWAYS_SEARCH_USER_PATHS = NO;
				CLANG_CXX_LANGUAGE_STANDARD = "gnu++0x";
				CLANG_CXX_LIBRARY = "libc++";
				CLANG_ENABLE_MODULES = YES;
				CLANG_ENABLE_OBJC_ARC = YES;
				CLANG_WARN_BOOL_CONVERSION = YES;
				CLANG_WARN_CONSTANT_CONVERSION = YES;
				CLANG_WARN_DIRECT_OBJC_ISA_USAGE = YES_ERROR;
				CLANG_WARN_EMPTY_BODY = YES;
				CLANG_WARN_ENUM_CONVERSION = YES;
				CLANG_WARN_INT_CONVERSION = YES;
				CLANG_WARN_OBJC_ROOT_CLASS = YES_ERROR;
				CLANG_WARN_UNREACHABLE_CODE = YES;
				CLANG_WARN__DUPLICATE_METHOD_MATCH = YES;
				"CODE_SIGN_IDENTITY[sdk=iphoneos*]" = "iPhone Developer";
				COPY_PHASE_STRIP = YES;
				ENABLE_NS_ASSERTIONS = NO;
				ENABLE_STRICT_OBJC_MSGSEND = YES;
				GCC_C_LANGUAGE_STANDARD = gnu99;
				GCC_WARN_64_TO_32_BIT_CONVERSION = YES;
				GCC_WARN_ABOUT_RETURN_TYPE = YES_ERROR;
				GCC_WARN_UNDECLARED_SELECTOR = YES;
				GCC_WARN_UNINITIALIZED_AUTOS = YES_AGGRESSIVE;
				GCC_WARN_UNUSED_FUNCTION = YES;
				GCC_WARN_UNUSED_VARIABLE = YES;
				IPHONEOS_DEPLOYMENT_TARGET = 8.0;
				METAL_ENABLE_DEBUG_INFO = NO;
				SDKROOT = iphoneos;
				VALIDATE_PRODUCT = YES;
			};
			name = Release;
		};
		8796E41F19605F8800A77336 /* Debug */ = {
			isa = XCBuildConfiguration;
			buildSettings = {
				ASSETCATALOG_COMPILER_APPICON_NAME = AppIcon;
				ASSETCATALOG_COMPILER_LAUNCHIMAGE_NAME = LaunchImage;
				INFOPLIST_FILE = ultracalc/Info.plist;
				IPHONEOS_DEPLOYMENT_TARGET = 8.0;
				LD_RUNPATH_SEARCH_PATHS = "$(inherited) @executable_path/Frameworks";
				PRODUCT_NAME = "$(TARGET_NAME)";
			};
			name = Debug;
		};
		8796E42019605F8800A77336 /* Release */ = {
			isa = XCBuildConfiguration;
			buildSettings = {
				ASSETCATALOG_COMPILER_APPICON_NAME = AppIcon;
				ASSETCATALOG_COMPILER_LAUNCHIMAGE_NAME = LaunchImage;
				INFOPLIST_FILE = ultracalc/Info.plist;
				IPHONEOS_DEPLOYMENT_TARGET = 8.0;
				LD_RUNPATH_SEARCH_PATHS = "$(inherited) @executable_path/Frameworks";
				PRODUCT_NAME = "$(TARGET_NAME)";
			};
			name = Release;
		};
		8796E42219605F8800A77336 /* Debug */ = {
			isa = XCBuildConfiguration;
			buildSettings = {
				BUNDLE_LOADER = "$(BUILT_PRODUCTS_DIR)/ultracalc.app/ultracalc";
				FRAMEWORK_SEARCH_PATHS = (
					"$(SDKROOT)/Developer/Library/Frameworks",
					"$(inherited)",
				);
				GCC_PREPROCESSOR_DEFINITIONS = (
					"DEBUG=1",
					"$(inherited)",
				);
				INFOPLIST_FILE = ultracalcTests/Info.plist;
				LD_RUNPATH_SEARCH_PATHS = "$(inherited) @executable_path/Frameworks @loader_path/Frameworks";
				METAL_ENABLE_DEBUG_INFO = YES;
				PRODUCT_NAME = "$(TARGET_NAME)";
				TEST_HOST = "$(BUNDLE_LOADER)";
			};
			name = Debug;
		};
		8796E42319605F8800A77336 /* Release */ = {
			isa = XCBuildConfiguration;
			buildSettings = {
				BUNDLE_LOADER = "$(BUILT_PRODUCTS_DIR)/ultracalc.app/ultracalc";
				FRAMEWORK_SEARCH_PATHS = (
					"$(SDKROOT)/Developer/Library/Frameworks",
					"$(inherited)",
				);
				INFOPLIST_FILE = ultracalcTests/Info.plist;
				LD_RUNPATH_SEARCH_PATHS = "$(inherited) @executable_path/Frameworks @loader_path/Frameworks";
				METAL_ENABLE_DEBUG_INFO = NO;
				PRODUCT_NAME = "$(TARGET_NAME)";
				TEST_HOST = "$(BUNDLE_LOADER)";
			};
			name = Release;
		};
/* End XCBuildConfiguration section */

/* Begin XCConfigurationList section */
		8796E3FD19605F8800A77336 /* Build configuration list for PBXProject "ultracalc" */ = {
			isa = XCConfigurationList;
			buildConfigurations = (
				8796E41C19605F8800A77336 /* Debug */,
				8796E41D19605F8800A77336 /* Release */,
			);
			defaultConfigurationIsVisible = 0;
			defaultConfigurationName = Release;
		};
		8796E41E19605F8800A77336 /* Build configuration list for PBXNativeTarget "ultracalc" */ = {
			isa = XCConfigurationList;
			buildConfigurations = (
				8796E41F19605F8800A77336 /* Debug */,
				8796E42019605F8800A77336 /* Release */,
			);
			defaultConfigurationIsVisible = 0;
			defaultConfigurationName = Release;
		};
		8796E42119605F8800A77336 /* Build configuration list for PBXNativeTarget "ultracalcTests" */ = {
			isa = XCConfigurationList;
			buildConfigurations = (
				8796E42219605F8800A77336 /* Debug */,
				8796E42319605F8800A77336 /* Release */,
			);
			defaultConfigurationIsVisible = 0;
			defaultConfigurationName = Release;
		};
/* End XCConfigurationList section */
	};
	rootObject = 8796E3FA19605F8800A77336 /* Project object */;
}
